// !$*UTF8*$!
{
	archiveVersion = 1;
	classes = {
	};
	objectVersion = 50;
	objects = {

/* Begin PBXBuildFile section */
		A6DFE255223D12B60053A277 /* AppDelegate.swift in Sources */ = {isa = PBXBuildFile; fileRef = A6DFE254223D12B60053A277 /* AppDelegate.swift */; };
		A6DFE257223D12B60053A277 /* Scene.sks in Resources */ = {isa = PBXBuildFile; fileRef = A6DFE256223D12B60053A277 /* Scene.sks */; };
		A6DFE259223D12B60053A277 /* Scene.swift in Sources */ = {isa = PBXBuildFile; fileRef = A6DFE258223D12B60053A277 /* Scene.swift */; };
		A6DFE25B223D12B60053A277 /* ViewController.swift in Sources */ = {isa = PBXBuildFile; fileRef = A6DFE25A223D12B60053A277 /* ViewController.swift */; };
		A6DFE25E223D12B60053A277 /* Main.storyboard in Resources */ = {isa = PBXBuildFile; fileRef = A6DFE25C223D12B60053A277 /* Main.storyboard */; };
		A6DFE260223D12BA0053A277 /* Assets.xcassets in Resources */ = {isa = PBXBuildFile; fileRef = A6DFE25F223D12BA0053A277 /* Assets.xcassets */; };
		A6DFE263223D12BA0053A277 /* LaunchScreen.storyboard in Resources */ = {isa = PBXBuildFile; fileRef = A6DFE261223D12BA0053A277 /* LaunchScreen.storyboard */; };
		A6DFE26B223D17460053A277 /* ARSessionManager.swift in Sources */ = {isa = PBXBuildFile; fileRef = A6DFE26A223D17460053A277 /* ARSessionManager.swift */; };
/* End PBXBuildFile section */

/* Begin PBXFileReference section */
		A6DFE251223D12B60053A277 /* ARKit2DInvaders.app */ = {isa = PBXFileReference; explicitFileType = wrapper.application; includeInIndex = 0; path = ARKit2DInvaders.app; sourceTree = BUILT_PRODUCTS_DIR; };
		A6DFE254223D12B60053A277 /* AppDelegate.swift */ = {isa = PBXFileReference; lastKnownFileType = sourcecode.swift; path = AppDelegate.swift; sourceTree = "<group>"; };
		A6DFE256223D12B60053A277 /* Scene.sks */ = {isa = PBXFileReference; lastKnownFileType = file.sks; path = Scene.sks; sourceTree = "<group>"; };
		A6DFE258223D12B60053A277 /* Scene.swift */ = {isa = PBXFileReference; lastKnownFileType = sourcecode.swift; path = Scene.swift; sourceTree = "<group>"; };
		A6DFE25A223D12B60053A277 /* ViewController.swift */ = {isa = PBXFileReference; lastKnownFileType = sourcecode.swift; path = ViewController.swift; sourceTree = "<group>"; };
		A6DFE25D223D12B60053A277 /* Base */ = {isa = PBXFileReference; lastKnownFileType = file.storyboard; name = Base; path = Base.lproj/Main.storyboard; sourceTree = "<group>"; };
		A6DFE25F223D12BA0053A277 /* Assets.xcassets */ = {isa = PBXFileReference; lastKnownFileType = folder.assetcatalog; path = Assets.xcassets; sourceTree = "<group>"; };
		A6DFE262223D12BA0053A277 /* Base */ = {isa = PBXFileReference; lastKnownFileType = file.storyboard; name = Base; path = Base.lproj/LaunchScreen.storyboard; sourceTree = "<group>"; };
		A6DFE264223D12BA0053A277 /* Info.plist */ = {isa = PBXFileReference; lastKnownFileType = text.plist.xml; path = Info.plist; sourceTree = "<group>"; };
		A6DFE26A223D17460053A277 /* ARSessionManager.swift */ = {isa = PBXFileReference; lastKnownFileType = sourcecode.swift; path = ARSessionManager.swift; sourceTree = "<group>"; };
/* End PBXFileReference section */

/* Begin PBXFrameworksBuildPhase section */
		A6DFE24E223D12B60053A277 /* Frameworks */ = {
			isa = PBXFrameworksBuildPhase;
			buildActionMask = 2147483647;
			files = (
			);
			runOnlyForDeploymentPostprocessing = 0;
		};
/* End PBXFrameworksBuildPhase section */

/* Begin PBXGroup section */
		A6DFE248223D12B60053A277 = {
			isa = PBXGroup;
			children = (
				A6DFE253223D12B60053A277 /* ARKit2DInvaders */,
				A6DFE252223D12B60053A277 /* Products */,
			);
			sourceTree = "<group>";
		};
		A6DFE252223D12B60053A277 /* Products */ = {
			isa = PBXGroup;
			children = (
				A6DFE251223D12B60053A277 /* ARKit2DInvaders.app */,
			);
			name = Products;
			sourceTree = "<group>";
		};
		A6DFE253223D12B60053A277 /* ARKit2DInvaders */ = {
			isa = PBXGroup;
			children = (
				A6DFE254223D12B60053A277 /* AppDelegate.swift */,
				A6DFE26A223D17460053A277 /* ARSessionManager.swift */,
				A6DFE256223D12B60053A277 /* Scene.sks */,
				A6DFE258223D12B60053A277 /* Scene.swift */,
				A6DFE25A223D12B60053A277 /* ViewController.swift */,
				A6DFE25C223D12B60053A277 /* Main.storyboard */,
				A6DFE25F223D12BA0053A277 /* Assets.xcassets */,
				A6DFE261223D12BA0053A277 /* LaunchScreen.storyboard */,
				A6DFE264223D12BA0053A277 /* Info.plist */,
			);
			path = ARKit2DInvaders;
			sourceTree = "<group>";
		};
/* End PBXGroup section */

/* Begin PBXNativeTarget section */
		A6DFE250223D12B60053A277 /* ARKit2DInvaders */ = {
			isa = PBXNativeTarget;
			buildConfigurationList = A6DFE267223D12BA0053A277 /* Build configuration list for PBXNativeTarget "ARKit2DInvaders" */;
			buildPhases = (
				A6DFE24D223D12B60053A277 /* Sources */,
				A6DFE24E223D12B60053A277 /* Frameworks */,
				A6DFE24F223D12B60053A277 /* Resources */,
			);
			buildRules = (
			);
			dependencies = (
			);
			name = ARKit2DInvaders;
			productName = ARKit2DInvaders;
			productReference = A6DFE251223D12B60053A277 /* ARKit2DInvaders.app */;
			productType = "com.apple.product-type.application";
		};
/* End PBXNativeTarget section */

/* Begin PBXProject section */
		A6DFE249223D12B60053A277 /* Project object */ = {
			isa = PBXProject;
			attributes = {
				LastSwiftUpdateCheck = 1010;
				LastUpgradeCheck = 1010;
				ORGANIZATIONNAME = "Giordano Scalzo";
				TargetAttributes = {
					A6DFE250223D12B60053A277 = {
						CreatedOnToolsVersion = 10.1;
					};
				};
			};
			buildConfigurationList = A6DFE24C223D12B60053A277 /* Build configuration list for PBXProject "ARKit2DInvaders" */;
			compatibilityVersion = "Xcode 9.3";
			developmentRegion = en;
			hasScannedForEncodings = 0;
			knownRegions = (
				en,
				Base,
			);
			mainGroup = A6DFE248223D12B60053A277;
			productRefGroup = A6DFE252223D12B60053A277 /* Products */;
			projectDirPath = "";
			projectRoot = "";
			targets = (
				A6DFE250223D12B60053A277 /* ARKit2DInvaders */,
			);
		};
/* End PBXProject section */

/* Begin PBXResourcesBuildPhase section */
		A6DFE24F223D12B60053A277 /* Resources */ = {
			isa = PBXResourcesBuildPhase;
			buildActionMask = 2147483647;
			files = (
				A6DFE257223D12B60053A277 /* Scene.sks in Resources */,
				A6DFE263223D12BA0053A277 /* LaunchScreen.storyboard in Resources */,
				A6DFE260223D12BA0053A277 /* Assets.xcassets in Resources */,
				A6DFE25E223D12B60053A277 /* Main.storyboard in Resources */,
			);
			runOnlyForDeploymentPostprocessing = 0;
		};
/* End PBXResourcesBuildPhase section */

/* Begin PBXSourcesBuildPhase section */
		A6DFE24D223D12B60053A277 /* Sources */ = {
			isa = PBXSourcesBuildPhase;
			buildActionMask = 2147483647;
			files = (
				A6DFE25B223D12B60053A277 /* ViewController.swift in Sources */,
				A6DFE259223D12B60053A277 /* Scene.swift in Sources */,
				A6DFE255223D12B60053A277 /* AppDelegate.swift in Sources */,
				A6DFE26B223D17460053A277 /* ARSessionManager.swift in Sources */,
			);
			runOnlyForDeploymentPostprocessing = 0;
		};
/* End PBXSourcesBuildPhase section */

/* Begin PBXVariantGroup section */
		A6DFE25C223D12B60053A277 /* Main.storyboard */ = {
			isa = PBXVariantGroup;
			children = (
				A6DFE25D223D12B60053A277 /* Base */,
			);
			name = Main.storyboard;
			sourceTree = "<group>";
		};
		A6DFE261223D12BA0053A277 /* LaunchScreen.storyboard */ = {
			isa = PBXVariantGroup;
			children = (
				A6DFE262223D12BA0053A277 /* Base */,
			);
			name = LaunchScreen.storyboard;
			sourceTree = "<group>";
		};
/* End PBXVariantGroup section */

/* Begin XCBuildConfiguration section */
		A6DFE265223D12BA0053A277 /* Debug */ = {
			isa = XCBuildConfiguration;
			buildSettings = {
				ALWAYS_SEARCH_USER_PATHS = NO;
				CLANG_ANALYZER_NONNULL = YES;
				CLANG_ANALYZER_NUMBER_OBJECT_CONVERSION = YES_AGGRESSIVE;
				CLANG_CXX_LANGUAGE_STANDARD = "gnu++14";
				CLANG_CXX_LIBRARY = "libc++";
				CLANG_ENABLE_MODULES = YES;
				CLANG_ENABLE_OBJC_ARC = YES;
				CLANG_ENABLE_OBJC_WEAK = YES;
				CLANG_WARN_BLOCK_CAPTURE_AUTORELEASING = YES;
				CLANG_WARN_BOOL_CONVERSION = YES;
				CLANG_WARN_COMMA = YES;
				CLANG_WARN_CONSTANT_CONVERSION = YES;
				CLANG_WARN_DEPRECATED_OBJC_IMPLEMENTATIONS = YES;
				CLANG_WARN_DIRECT_OBJC_ISA_USAGE = YES_ERROR;
				CLANG_WARN_DOCUMENTATION_COMMENTS = YES;
				CLANG_WARN_EMPTY_BODY = YES;
				CLANG_WARN_ENUM_CONVERSION = YES;
				CLANG_WARN_INFINITE_RECURSION = YES;
				CLANG_WARN_INT_CONVERSION = YES;
				CLANG_WARN_NON_LITERAL_NULL_CONVERSION = YES;
				CLANG_WARN_OBJC_IMPLICIT_RETAIN_SELF = YES;
				CLANG_WARN_OBJC_LITERAL_CONVERSION = YES;
				CLANG_WARN_OBJC_ROOT_CLASS = YES_ERROR;
				CLANG_WARN_RANGE_LOOP_ANALYSIS = YES;
				CLANG_WARN_STRICT_PROTOTYPES = YES;
				CLANG_WARN_SUSPICIOUS_MOVE = YES;
				CLANG_WARN_UNGUARDED_AVAILABILITY = YES_AGGRESSIVE;
				CLANG_WARN_UNREACHABLE_CODE = YES;
				CLANG_WARN__DUPLICATE_METHOD_MATCH = YES;
				CODE_SIGN_IDENTITY = "iPhone Developer";
				COPY_PHASE_STRIP = NO;
				DEBUG_INFORMATION_FORMAT = dwarf;
				ENABLE_STRICT_OBJC_MSGSEND = YES;
				ENABLE_TESTABILITY = YES;
				GCC_C_LANGUAGE_STANDARD = gnu11;
				GCC_DYNAMIC_NO_PIC = NO;
				GCC_NO_COMMON_BLOCKS = YES;
				GCC_OPTIMIZATION_LEVEL = 0;
				GCC_PREPROCESSOR_DEFINITIONS = (
					"DEBUG=1",
					"$(inherited)",
				);
				GCC_WARN_64_TO_32_BIT_CONVERSION = YES;
				GCC_WARN_ABOUT_RETURN_TYPE = YES_ERROR;
				GCC_WARN_UNDECLARED_SELECTOR = YES;
				GCC_WARN_UNINITIALIZED_AUTOS = YES_AGGRESSIVE;
				GCC_WARN_UNUSED_FUNCTION = YES;
				GCC_WARN_UNUSED_VARIABLE = YES;
				IPHONEOS_DEPLOYMENT_TARGET = 12.1;
				MTL_ENABLE_DEBUG_INFO = INCLUDE_SOURCE;
				MTL_FAST_MATH = YES;
				ONLY_ACTIVE_ARCH = YES;
				SDKROOT = iphoneos;
				SWIFT_ACTIVE_COMPILATION_CONDITIONS = DEBUG;
				SWIFT_OPTIMIZATION_LEVEL = "-Onone";
			};
			name = Debug;
		};
		A6DFE266223D12BA0053A277 /* Release */ = {
			isa = XCBuildConfiguration;
			buildSettings = {
				ALWAYS_SEARCH_USER_PATHS = NO;
				CLANG_ANALYZER_NONNULL = YES;
				CLANG_ANALYZER_NUMBER_OBJECT_CONVERSION = YES_AGGRESSIVE;
				CLANG_CXX_LANGUAGE_STANDARD = "gnu++14";
				CLANG_CXX_LIBRARY = "libc++";
				CLANG_ENABLE_MODULES = YES;
				CLANG_ENABLE_OBJC_ARC = YES;
				CLANG_ENABLE_OBJC_WEAK = YES;
				CLANG_WARN_BLOCK_CAPTURE_AUTORELEASING = YES;
				CLANG_WARN_BOOL_CONVERSION = YES;
				CLANG_WARN_COMMA = YES;
				CLANG_WARN_CONSTANT_CONVERSION = YES;
				CLANG_WARN_DEPRECATED_OBJC_IMPLEMENTATIONS = YES;
				CLANG_WARN_DIRECT_OBJC_ISA_USAGE = YES_ERROR;
				CLANG_WARN_DOCUMENTATION_COMMENTS = YES;
				CLANG_WARN_EMPTY_BODY = YES;
				CLANG_WARN_ENUM_CONVERSION = YES;
				CLANG_WARN_INFINITE_RECURSION = YES;
				CLANG_WARN_INT_CONVERSION = YES;
				CLANG_WARN_NON_LITERAL_NULL_CONVERSION = YES;
				CLANG_WARN_OBJC_IMPLICIT_RETAIN_SELF = YES;
				CLANG_WARN_OBJC_LITERAL_CONVERSION = YES;
				CLANG_WARN_OBJC_ROOT_CLASS = YES_ERROR;
				CLANG_WARN_RANGE_LOOP_ANALYSIS = YES;
				CLANG_WARN_STRICT_PROTOTYPES = YES;
				CLANG_WARN_SUSPICIOUS_MOVE = YES;
				CLANG_WARN_UNGUARDED_AVAILABILITY = YES_AGGRESSIVE;
				CLANG_WARN_UNREACHABLE_CODE = YES;
				CLANG_WARN__DUPLICATE_METHOD_MATCH = YES;
				CODE_SIGN_IDENTITY = "iPhone Developer";
				COPY_PHASE_STRIP = NO;
				DEBUG_INFORMATION_FORMAT = "dwarf-with-dsym";
				ENABLE_NS_ASSERTIONS = NO;
				ENABLE_STRICT_OBJC_MSGSEND = YES;
				GCC_C_LANGUAGE_STANDARD = gnu11;
				GCC_NO_COMMON_BLOCKS = YES;
				GCC_WARN_64_TO_32_BIT_CONVERSION = YES;
				GCC_WARN_ABOUT_RETURN_TYPE = YES_ERROR;
				GCC_WARN_UNDECLARED_SELECTOR = YES;
				GCC_WARN_UNINITIALIZED_AUTOS = YES_AGGRESSIVE;
				GCC_WARN_UNUSED_FUNCTION = YES;
				GCC_WARN_UNUSED_VARIABLE = YES;
				IPHONEOS_DEPLOYMENT_TARGET = 12.1;
				MTL_ENABLE_DEBUG_INFO = NO;
				MTL_FAST_MATH = YES;
				SDKROOT = iphoneos;
				SWIFT_COMPILATION_MODE = wholemodule;
				SWIFT_OPTIMIZATION_LEVEL = "-O";
				VALIDATE_PRODUCT = YES;
			};
			name = Release;
		};
		A6DFE268223D12BA0053A277 /* Debug */ = {
			isa = XCBuildConfiguration;
			buildSettings = {
				ASSETCATALOG_COMPILER_APPICON_NAME = AppIcon;
				CODE_SIGN_STYLE = Automatic;
				DEVELOPMENT_TEAM = 4X6PHGF7Z3;
				INFOPLIST_FILE = ARKit2DInvaders/Info.plist;
				LD_RUNPATH_SEARCH_PATHS = (
					"$(inherited)",
					"@executable_path/Frameworks",
				);
				PRODUCT_BUNDLE_IDENTIFIER = co.uk.effectivecode.ARKit2DInvaders;
				PRODUCT_NAME = "$(TARGET_NAME)";
				SWIFT_VERSION = 4.2;
				TARGETED_DEVICE_FAMILY = "1,2";
			};
			name = Debug;
		};
		A6DFE269223D12BA0053A277 /* Release */ = {
			isa = XCBuildConfiguration;
			buildSettings = {
				ASSETCATALOG_COMPILER_APPICON_NAME = AppIcon;
				CODE_SIGN_STYLE = Automatic;
				DEVELOPMENT_TEAM = 4X6PHGF7Z3;
				INFOPLIST_FILE = ARKit2DInvaders/Info.plist;
				LD_RUNPATH_SEARCH_PATHS = (
					"$(inherited)",
					"@executable_path/Frameworks",
				);
				PRODUCT_BUNDLE_IDENTIFIER = co.uk.effectivecode.ARKit2DInvaders;
				PRODUCT_NAME = "$(TARGET_NAME)";
				SWIFT_VERSION = 4.2;
				TARGETED_DEVICE_FAMILY = "1,2";
			};
			name = Release;
		};
/* End XCBuildConfiguration section */

/* Begin XCConfigurationList section */
		A6DFE24C223D12B60053A277 /* Build configuration list for PBXProject "ARKit2DInvaders" */ = {
			isa = XCConfigurationList;
			buildConfigurations = (
				A6DFE265223D12BA0053A277 /* Debug */,
				A6DFE266223D12BA0053A277 /* Release */,
			);
			defaultConfigurationIsVisible = 0;
			defaultConfigurationName = Release;
		};
		A6DFE267223D12BA0053A277 /* Build configuration list for PBXNativeTarget "ARKit2DInvaders" */ = {
			isa = XCConfigurationList;
			buildConfigurations = (
				A6DFE268223D12BA0053A277 /* Debug */,
				A6DFE269223D12BA0053A277 /* Release */,
			);
			defaultConfigurationIsVisible = 0;
			defaultConfigurationName = Release;
		};
/* End XCConfigurationList section */
	};
	rootObject = A6DFE249223D12B60053A277 /* Project object */;
}
