// !$*UTF8*$!
{
	archiveVersion = 1;
	classes = {
	};
	objectVersion = 50;
	objects = {

/* Begin PBXBuildFile section */
		A62917C42232D85600A7A7F3 /* AppDelegate.swift in Sources */ = {isa = PBXBuildFile; fileRef = A62917C32232D85600A7A7F3 /* AppDelegate.swift */; };
		A62917C62232D85600A7A7F3 /* art.scnassets in Resources */ = {isa = PBXBuildFile; fileRef = A62917C52232D85600A7A7F3 /* art.scnassets */; };
		A62917C82232D85600A7A7F3 /* ViewController.swift in Sources */ = {isa = PBXBuildFile; fileRef = A62917C72232D85600A7A7F3 /* ViewController.swift */; };
		A62917CB2232D85600A7A7F3 /* Main.storyboard in Resources */ = {isa = PBXBuildFile; fileRef = A62917C92232D85600A7A7F3 /* Main.storyboard */; };
		A62917CD2232D85600A7A7F3 /* Assets.xcassets in Resources */ = {isa = PBXBuildFile; fileRef = A62917CC2232D85600A7A7F3 /* Assets.xcassets */; };
		A62917D02232D85600A7A7F3 /* LaunchScreen.storyboard in Resources */ = {isa = PBXBuildFile; fileRef = A62917CE2232D85600A7A7F3 /* LaunchScreen.storyboard */; };
/* End PBXBuildFile section */

/* Begin PBXFileReference section */
		A62917C02232D85600A7A7F3 /* ShipLoops.app */ = {isa = PBXFileReference; explicitFileType = wrapper.application; includeInIndex = 0; path = ShipLoops.app; sourceTree = BUILT_PRODUCTS_DIR; };
		A62917C32232D85600A7A7F3 /* AppDelegate.swift */ = {isa = PBXFileReference; lastKnownFileType = sourcecode.swift; path = AppDelegate.swift; sourceTree = "<group>"; };
		A62917C52232D85600A7A7F3 /* art.scnassets */ = {isa = PBXFileReference; lastKnownFileType = wrapper.scnassets; path = art.scnassets; sourceTree = "<group>"; };
		A62917C72232D85600A7A7F3 /* ViewController.swift */ = {isa = PBXFileReference; lastKnownFileType = sourcecode.swift; path = ViewController.swift; sourceTree = "<group>"; };
		A62917CA2232D85600A7A7F3 /* Base */ = {isa = PBXFileReference; lastKnownFileType = file.storyboard; name = Base; path = Base.lproj/Main.storyboard; sourceTree = "<group>"; };
		A62917CC2232D85600A7A7F3 /* Assets.xcassets */ = {isa = PBXFileReference; lastKnownFileType = folder.assetcatalog; path = Assets.xcassets; sourceTree = "<group>"; };
		A62917CF2232D85600A7A7F3 /* Base */ = {isa = PBXFileReference; lastKnownFileType = file.storyboard; name = Base; path = Base.lproj/LaunchScreen.storyboard; sourceTree = "<group>"; };
		A62917D12232D85600A7A7F3 /* Info.plist */ = {isa = PBXFileReference; lastKnownFileType = text.plist.xml; path = Info.plist; sourceTree = "<group>"; };
/* End PBXFileReference section */

/* Begin PBXFrameworksBuildPhase section */
		A62917BD2232D85600A7A7F3 /* Frameworks */ = {
			isa = PBXFrameworksBuildPhase;
			buildActionMask = 2147483647;
			files = (
			);
			runOnlyForDeploymentPostprocessing = 0;
		};
/* End PBXFrameworksBuildPhase section */

/* Begin PBXGroup section */
		A62917B72232D85500A7A7F3 = {
			isa = PBXGroup;
			children = (
				A62917C22232D85600A7A7F3 /* ShipLoops */,
				A62917C12232D85600A7A7F3 /* Products */,
			);
			sourceTree = "<group>";
		};
		A62917C12232D85600A7A7F3 /* Products */ = {
			isa = PBXGroup;
			children = (
				A62917C02232D85600A7A7F3 /* ShipLoops.app */,
			);
			name = Products;
			sourceTree = "<group>";
		};
		A62917C22232D85600A7A7F3 /* ShipLoops */ = {
			isa = PBXGroup;
			children = (
				A62917C32232D85600A7A7F3 /* AppDelegate.swift */,
				A62917C52232D85600A7A7F3 /* art.scnassets */,
				A62917C72232D85600A7A7F3 /* ViewController.swift */,
				A62917C92232D85600A7A7F3 /* Main.storyboard */,
				A62917CC2232D85600A7A7F3 /* Assets.xcassets */,
				A62917CE2232D85600A7A7F3 /* LaunchScreen.storyboard */,
				A62917D12232D85600A7A7F3 /* Info.plist */,
			);
			path = ShipLoops;
			sourceTree = "<group>";
		};
/* End PBXGroup section */

/* Begin PBXNativeTarget section */
		A62917BF2232D85600A7A7F3 /* ShipLoops */ = {
			isa = PBXNativeTarget;
			buildConfigurationList = A62917D42232D85600A7A7F3 /* Build configuration list for PBXNativeTarget "ShipLoops" */;
			buildPhases = (
				A62917BC2232D85600A7A7F3 /* Sources */,
				A62917BD2232D85600A7A7F3 /* Frameworks */,
				A62917BE2232D85600A7A7F3 /* Resources */,
			);
			buildRules = (
			);
			dependencies = (
			);
			name = ShipLoops;
			productName = ShipLoops;
			productReference = A62917C02232D85600A7A7F3 /* ShipLoops.app */;
			productType = "com.apple.product-type.application";
		};
/* End PBXNativeTarget section */

/* Begin PBXProject section */
		A62917B82232D85500A7A7F3 /* Project object */ = {
			isa = PBXProject;
			attributes = {
				LastSwiftUpdateCheck = 1010;
				LastUpgradeCheck = 1010;
				ORGANIZATIONNAME = "Giordano Scalzo";
				TargetAttributes = {
					A62917BF2232D85600A7A7F3 = {
						CreatedOnToolsVersion = 10.1;
						LastSwiftMigration = 1020;
					};
				};
			};
			buildConfigurationList = A62917BB2232D85500A7A7F3 /* Build configuration list for PBXProject "ShipLoops" */;
			compatibilityVersion = "Xcode 9.3";
			developmentRegion = en;
			hasScannedForEncodings = 0;
			knownRegions = (
				en,
				Base,
			);
			mainGroup = A62917B72232D85500A7A7F3;
			productRefGroup = A62917C12232D85600A7A7F3 /* Products */;
			projectDirPath = "";
			projectRoot = "";
			targets = (
				A62917BF2232D85600A7A7F3 /* ShipLoops */,
			);
		};
/* End PBXProject section */

/* Begin PBXResourcesBuildPhase section */
		A62917BE2232D85600A7A7F3 /* Resources */ = {
			isa = PBXResourcesBuildPhase;
			buildActionMask = 2147483647;
			files = (
				A62917C62232D85600A7A7F3 /* art.scnassets in Resources */,
				A62917D02232D85600A7A7F3 /* LaunchScreen.storyboard in Resources */,
				A62917CD2232D85600A7A7F3 /* Assets.xcassets in Resources */,
				A62917CB2232D85600A7A7F3 /* Main.storyboard in Resources */,
			);
			runOnlyForDeploymentPostprocessing = 0;
		};
/* End PBXResourcesBuildPhase section */

/* Begin PBXSourcesBuildPhase section */
		A62917BC2232D85600A7A7F3 /* Sources */ = {
			isa = PBXSourcesBuildPhase;
			buildActionMask = 2147483647;
			files = (
				A62917C82232D85600A7A7F3 /* ViewController.swift in Sources */,
				A62917C42232D85600A7A7F3 /* AppDelegate.swift in Sources */,
			);
			runOnlyForDeploymentPostprocessing = 0;
		};
/* End PBXSourcesBuildPhase section */

/* Begin PBXVariantGroup section */
		A62917C92232D85600A7A7F3 /* Main.storyboard */ = {
			isa = PBXVariantGroup;
			children = (
				A62917CA2232D85600A7A7F3 /* Base */,
			);
			name = Main.storyboard;
			sourceTree = "<group>";
		};
		A62917CE2232D85600A7A7F3 /* LaunchScreen.storyboard */ = {
			isa = PBXVariantGroup;
			children = (
				A62917CF2232D85600A7A7F3 /* Base */,
			);
			name = LaunchScreen.storyboard;
			sourceTree = "<group>";
		};
/* End PBXVariantGroup section */

/* Begin XCBuildConfiguration section */
		A62917D22232D85600A7A7F3 /* Debug */ = {
			isa = XCBuildConfiguration;
			buildSettings = {
				ALWAYS_SEARCH_USER_PATHS = NO;
				CLANG_ANALYZER_NONNULL = YES;
				CLANG_ANALYZER_NUMBER_OBJECT_CONVERSION = YES_AGGRESSIVE;
				CLANG_CXX_LANGUAGE_STANDARD = "gnu++14";
				CLANG_CXX_LIBRARY = "libc++";
				CLANG_ENABLE_MODULES = YES;
				CLANG_ENABLE_OBJC_ARC = YES;
				CLANG_ENABLE_OBJC_WEAK = YES;
				CLANG_WARN_BLOCK_CAPTURE_AUTORELEASING = YES;
				CLANG_WARN_BOOL_CONVERSION = YES;
				CLANG_WARN_COMMA = YES;
				CLANG_WARN_CONSTANT_CONVERSION = YES;
				CLANG_WARN_DEPRECATED_OBJC_IMPLEMENTATIONS = YES;
				CLANG_WARN_DIRECT_OBJC_ISA_USAGE = YES_ERROR;
				CLANG_WARN_DOCUMENTATION_COMMENTS = YES;
				CLANG_WARN_EMPTY_BODY = YES;
				CLANG_WARN_ENUM_CONVERSION = YES;
				CLANG_WARN_INFINITE_RECURSION = YES;
				CLANG_WARN_INT_CONVERSION = YES;
				CLANG_WARN_NON_LITERAL_NULL_CONVERSION = YES;
				CLANG_WARN_OBJC_IMPLICIT_RETAIN_SELF = YES;
				CLANG_WARN_OBJC_LITERAL_CONVERSION = YES;
				CLANG_WARN_OBJC_ROOT_CLASS = YES_ERROR;
				CLANG_WARN_RANGE_LOOP_ANALYSIS = YES;
				CLANG_WARN_STRICT_PROTOTYPES = YES;
				CLANG_WARN_SUSPICIOUS_MOVE = YES;
				CLANG_WARN_UNGUARDED_AVAILABILITY = YES_AGGRESSIVE;
				CLANG_WARN_UNREACHABLE_CODE = YES;
				CLANG_WARN__DUPLICATE_METHOD_MATCH = YES;
				CODE_SIGN_IDENTITY = "iPhone Developer";
				COPY_PHASE_STRIP = NO;
				DEBUG_INFORMATION_FORMAT = dwarf;
				ENABLE_STRICT_OBJC_MSGSEND = YES;
				ENABLE_TESTABILITY = YES;
				GCC_C_LANGUAGE_STANDARD = gnu11;
				GCC_DYNAMIC_NO_PIC = NO;
				GCC_NO_COMMON_BLOCKS = YES;
				GCC_OPTIMIZATION_LEVEL = 0;
				GCC_PREPROCESSOR_DEFINITIONS = (
					"DEBUG=1",
					"$(inherited)",
				);
				GCC_WARN_64_TO_32_BIT_CONVERSION = YES;
				GCC_WARN_ABOUT_RETURN_TYPE = YES_ERROR;
				GCC_WARN_UNDECLARED_SELECTOR = YES;
				GCC_WARN_UNINITIALIZED_AUTOS = YES_AGGRESSIVE;
				GCC_WARN_UNUSED_FUNCTION = YES;
				GCC_WARN_UNUSED_VARIABLE = YES;
				IPHONEOS_DEPLOYMENT_TARGET = 12.1;
				MTL_ENABLE_DEBUG_INFO = INCLUDE_SOURCE;
				MTL_FAST_MATH = YES;
				ONLY_ACTIVE_ARCH = YES;
				SDKROOT = iphoneos;
				SWIFT_ACTIVE_COMPILATION_CONDITIONS = DEBUG;
				SWIFT_OPTIMIZATION_LEVEL = "-Onone";
			};
			name = Debug;
		};
		A62917D32232D85600A7A7F3 /* Release */ = {
			isa = XCBuildConfiguration;
			buildSettings = {
				ALWAYS_SEARCH_USER_PATHS = NO;
				CLANG_ANALYZER_NONNULL = YES;
				CLANG_ANALYZER_NUMBER_OBJECT_CONVERSION = YES_AGGRESSIVE;
				CLANG_CXX_LANGUAGE_STANDARD = "gnu++14";
				CLANG_CXX_LIBRARY = "libc++";
				CLANG_ENABLE_MODULES = YES;
				CLANG_ENABLE_OBJC_ARC = YES;
				CLANG_ENABLE_OBJC_WEAK = YES;
				CLANG_WARN_BLOCK_CAPTURE_AUTORELEASING = YES;
				CLANG_WARN_BOOL_CONVERSION = YES;
				CLANG_WARN_COMMA = YES;
				CLANG_WARN_CONSTANT_CONVERSION = YES;
				CLANG_WARN_DEPRECATED_OBJC_IMPLEMENTATIONS = YES;
				CLANG_WARN_DIRECT_OBJC_ISA_USAGE = YES_ERROR;
				CLANG_WARN_DOCUMENTATION_COMMENTS = YES;
				CLANG_WARN_EMPTY_BODY = YES;
				CLANG_WARN_ENUM_CONVERSION = YES;
				CLANG_WARN_INFINITE_RECURSION = YES;
				CLANG_WARN_INT_CONVERSION = YES;
				CLANG_WARN_NON_LITERAL_NULL_CONVERSION = YES;
				CLANG_WARN_OBJC_IMPLICIT_RETAIN_SELF = YES;
				CLANG_WARN_OBJC_LITERAL_CONVERSION = YES;
				CLANG_WARN_OBJC_ROOT_CLASS = YES_ERROR;
				CLANG_WARN_RANGE_LOOP_ANALYSIS = YES;
				CLANG_WARN_STRICT_PROTOTYPES = YES;
				CLANG_WARN_SUSPICIOUS_MOVE = YES;
				CLANG_WARN_UNGUARDED_AVAILABILITY = YES_AGGRESSIVE;
				CLANG_WARN_UNREACHABLE_CODE = YES;
				CLANG_WARN__DUPLICATE_METHOD_MATCH = YES;
				CODE_SIGN_IDENTITY = "iPhone Developer";
				COPY_PHASE_STRIP = NO;
				DEBUG_INFORMATION_FORMAT = "dwarf-with-dsym";
				ENABLE_NS_ASSERTIONS = NO;
				ENABLE_STRICT_OBJC_MSGSEND = YES;
				GCC_C_LANGUAGE_STANDARD = gnu11;
				GCC_NO_COMMON_BLOCKS = YES;
				GCC_WARN_64_TO_32_BIT_CONVERSION = YES;
				GCC_WARN_ABOUT_RETURN_TYPE = YES_ERROR;
				GCC_WARN_UNDECLARED_SELECTOR = YES;
				GCC_WARN_UNINITIALIZED_AUTOS = YES_AGGRESSIVE;
				GCC_WARN_UNUSED_FUNCTION = YES;
				GCC_WARN_UNUSED_VARIABLE = YES;
				IPHONEOS_DEPLOYMENT_TARGET = 12.1;
				MTL_ENABLE_DEBUG_INFO = NO;
				MTL_FAST_MATH = YES;
				SDKROOT = iphoneos;
				SWIFT_COMPILATION_MODE = wholemodule;
				SWIFT_OPTIMIZATION_LEVEL = "-O";
				VALIDATE_PRODUCT = YES;
			};
			name = Release;
		};
		A62917D52232D85600A7A7F3 /* Debug */ = {
			isa = XCBuildConfiguration;
			buildSettings = {
				ASSETCATALOG_COMPILER_APPICON_NAME = AppIcon;
				CODE_SIGN_STYLE = Automatic;
				DEVELOPMENT_TEAM = 4X6PHGF7Z3;
				INFOPLIST_FILE = ShipLoops/Info.plist;
				LD_RUNPATH_SEARCH_PATHS = (
					"$(inherited)",
					"@executable_path/Frameworks",
				);
				PRODUCT_BUNDLE_IDENTIFIER = co.uk.effectivecode.ShipLoops;
				PRODUCT_NAME = "$(TARGET_NAME)";
				SWIFT_VERSION = 5.0;
				TARGETED_DEVICE_FAMILY = "1,2";
			};
			name = Debug;
		};
		A62917D62232D85600A7A7F3 /* Release */ = {
			isa = XCBuildConfiguration;
			buildSettings = {
				ASSETCATALOG_COMPILER_APPICON_NAME = AppIcon;
				CODE_SIGN_STYLE = Automatic;
				DEVELOPMENT_TEAM = 4X6PHGF7Z3;
				INFOPLIST_FILE = ShipLoops/Info.plist;
				LD_RUNPATH_SEARCH_PATHS = (
					"$(inherited)",
					"@executable_path/Frameworks",
				);
				PRODUCT_BUNDLE_IDENTIFIER = co.uk.effectivecode.ShipLoops;
				PRODUCT_NAME = "$(TARGET_NAME)";
				SWIFT_VERSION = 5.0;
				TARGETED_DEVICE_FAMILY = "1,2";
			};
			name = Release;
		};
/* End XCBuildConfiguration section */

/* Begin XCConfigurationList section */
		A62917BB2232D85500A7A7F3 /* Build configuration list for PBXProject "ShipLoops" */ = {
			isa = XCConfigurationList;
			buildConfigurations = (
				A62917D22232D85600A7A7F3 /* Debug */,
				A62917D32232D85600A7A7F3 /* Release */,
			);
			defaultConfigurationIsVisible = 0;
			defaultConfigurationName = Release;
		};
		A62917D42232D85600A7A7F3 /* Build configuration list for PBXNativeTarget "ShipLoops" */ = {
			isa = XCConfigurationList;
			buildConfigurations = (
				A62917D52232D85600A7A7F3 /* Debug */,
				A62917D62232D85600A7A7F3 /* Release */,
			);
			defaultConfigurationIsVisible = 0;
			defaultConfigurationName = Release;
		};
/* End XCConfigurationList section */
	};
	rootObject = A62917B82232D85500A7A7F3 /* Project object */;
}
